
Microsoft Visual Studio Solution File, Format Version 12.00
# Visual Studio Version 17
VisualStudioVersion = 17.3.32825.248
MinimumVisualStudioVersion = 10.0.40219.1
Project("{FAE04EC0-301F-11D3-BF4B-00C04F79EFBC}") = "AdapterDesignPattern", "AdapterDesignPattern\AdapterDesignPattern.csproj", "{C9675FC3-A2E3-4107-80A0-A0CCC83327C6}"
EndProject
Project("{FAE04EC0-301F-11D3-BF4B-00C04F79EFBC}") = "AdapterDesignPatternRealTimeExample", "AdapterDesignPatternRealTimeExample\AdapterDesignPatternRealTimeExample.csproj", "{B328E7A6-6985-408C-B1D5-6C4A9BA99747}"
EndProject
Project("{FAE04EC0-301F-11D3-BF4B-00C04F79EFBC}") = "FacadeDesignPattern", "FacadeDesignPattern\FacadeDesignPattern.csproj", "{758F81C3-9AF5-4D8A-9413-02F1E12A2814}"
EndProject
Project("{FAE04EC0-301F-11D3-BF4B-00C04F79EFBC}") = "DecoratorDesignPattern", "DecoratorDesignPattern\DecoratorDesignPattern.csproj", "{1DD41E6B-5AE8-4089-A7D6-C1B7C17E9874}"
EndProject
Project("{FAE04EC0-301F-11D3-BF4B-00C04F79EFBC}") = "BridgeDesignPattern", "BridgeDesignPattern\BridgeDesignPattern.csproj", "{ED4780AC-DC1F-4609-93DA-22E1D5030384}"
EndProject
Project("{2150E333-8FDC-42A3-9474-1A3956D46DE8}") = "ProxyDesignPattern", "ProxyDesignPattern", "{0678557C-2504-4174-BC15-D386ED54E6F9}"
EndProject
Project("{FAE04EC0-301F-11D3-BF4B-00C04F79EFBC}") = "ProxyDesignPattern", "ProxyDesignPattern\ProxyDesignPattern.csproj", "{19BDC685-9F17-4200-91DD-133039D82E2B}"
EndProject
Project("{2150E333-8FDC-42A3-9474-1A3956D46DE8}") = "AdapterDesignPatternFolder", "AdapterDesignPatternFolder", "{21082893-A91C-4276-9438-A13772E6557B}"
EndProject
Global
	GlobalSection(SolutionConfigurationPlatforms) = preSolution
		Debug|Any CPU = Debug|Any CPU
		Release|Any CPU = Release|Any CPU
	EndGlobalSection
	GlobalSection(ProjectConfigurationPlatforms) = postSolution
		{C9675FC3-A2E3-4107-80A0-A0CCC83327C6}.Debug|Any CPU.ActiveCfg = Debug|Any CPU
		{C9675FC3-A2E3-4107-80A0-A0CCC83327C6}.Debug|Any CPU.Build.0 = Debug|Any CPU
		{C9675FC3-A2E3-4107-80A0-A0CCC83327C6}.Release|Any CPU.ActiveCfg = Release|Any CPU
		{C9675FC3-A2E3-4107-80A0-A0CCC83327C6}.Release|Any CPU.Build.0 = Release|Any CPU
		{B328E7A6-6985-408C-B1D5-6C4A9BA99747}.Debug|Any CPU.ActiveCfg = Debug|Any CPU
		{B328E7A6-6985-408C-B1D5-6C4A9BA99747}.Debug|Any CPU.Build.0 = Debug|Any CPU
		{B328E7A6-6985-408C-B1D5-6C4A9BA99747}.Release|Any CPU.ActiveCfg = Release|Any CPU
		{B328E7A6-6985-408C-B1D5-6C4A9BA99747}.Release|Any CPU.Build.0 = Release|Any CPU
		{758F81C3-9AF5-4D8A-9413-02F1E12A2814}.Debug|Any CPU.ActiveCfg = Debug|Any CPU
		{758F81C3-9AF5-4D8A-9413-02F1E12A2814}.Debug|Any CPU.Build.0 = Debug|Any CPU
		{758F81C3-9AF5-4D8A-9413-02F1E12A2814}.Release|Any CPU.ActiveCfg = Release|Any CPU
		{758F81C3-9AF5-4D8A-9413-02F1E12A2814}.Release|Any CPU.Build.0 = Release|Any CPU
		{1DD41E6B-5AE8-4089-A7D6-C1B7C17E9874}.Debug|Any CPU.ActiveCfg = Debug|Any CPU
		{1DD41E6B-5AE8-4089-A7D6-C1B7C17E9874}.Debug|Any CPU.Build.0 = Debug|Any CPU
		{1DD41E6B-5AE8-4089-A7D6-C1B7C17E9874}.Release|Any CPU.ActiveCfg = Release|Any CPU
		{1DD41E6B-5AE8-4089-A7D6-C1B7C17E9874}.Release|Any CPU.Build.0 = Release|Any CPU
		{ED4780AC-DC1F-4609-93DA-22E1D5030384}.Debug|Any CPU.ActiveCfg = Debug|Any CPU
		{ED4780AC-DC1F-4609-93DA-22E1D5030384}.Debug|Any CPU.Build.0 = Debug|Any CPU
		{ED4780AC-DC1F-4609-93DA-22E1D5030384}.Release|Any CPU.ActiveCfg = Release|Any CPU
		{ED4780AC-DC1F-4609-93DA-22E1D5030384}.Release|Any CPU.Build.0 = Release|Any CPU
		{19BDC685-9F17-4200-91DD-133039D82E2B}.Debug|Any CPU.ActiveCfg = Debug|Any CPU
		{19BDC685-9F17-4200-91DD-133039D82E2B}.Debug|Any CPU.Build.0 = Debug|Any CPU
		{19BDC685-9F17-4200-91DD-133039D82E2B}.Release|Any CPU.ActiveCfg = Release|Any CPU
		{19BDC685-9F17-4200-91DD-133039D82E2B}.Release|Any CPU.Build.0 = Release|Any CPU
	EndGlobalSection
	GlobalSection(SolutionProperties) = preSolution
		HideSolutionNode = FALSE
	EndGlobalSection
	GlobalSection(NestedProjects) = preSolution
		{C9675FC3-A2E3-4107-80A0-A0CCC83327C6} = {21082893-A91C-4276-9438-A13772E6557B}
		{B328E7A6-6985-408C-B1D5-6C4A9BA99747} = {21082893-A91C-4276-9438-A13772E6557B}
		{19BDC685-9F17-4200-91DD-133039D82E2B} = {0678557C-2504-4174-BC15-D386ED54E6F9}
	EndGlobalSection
	GlobalSection(ExtensibilityGlobals) = postSolution
		SolutionGuid = {B81D6BED-624F-4D18-B267-7208A8442404}
	EndGlobalSection
EndGlobal
