
Microsoft Visual Studio Solution File, Format Version 12.00
# Visual Studio Version 17
VisualStudioVersion = 17.3.32825.248
MinimumVisualStudioVersion = 10.0.40219.1
Project("{FAE04EC0-301F-11D3-BF4B-00C04F79EFBC}") = "EstateBasic", "EstateBasic\EstateBasic.csproj", "{52A64E9B-E363-495A-AD4B-F4D13E6239DB}"
EndProject
Global
	GlobalSection(SolutionConfigurationPlatforms) = preSolution
		Debug|Any CPU = Debug|Any CPU
		Release|Any CPU = Release|Any CPU
	EndGlobalSection
	GlobalSection(ProjectConfigurationPlatforms) = postSolution
		{52A64E9B-E363-495A-AD4B-F4D13E6239DB}.Debug|Any CPU.ActiveCfg = Debug|Any CPU
		{52A64E9B-E363-495A-AD4B-F4D13E6239DB}.Debug|Any CPU.Build.0 = Debug|Any CPU
		{52A64E9B-E363-495A-AD4B-F4D13E6239DB}.Release|Any CPU.ActiveCfg = Release|Any CPU
		{52A64E9B-E363-495A-AD4B-F4D13E6239DB}.Release|Any CPU.Build.0 = Release|Any CPU
	EndGlobalSection
	GlobalSection(SolutionProperties) = preSolution
		HideSolutionNode = FALSE
	EndGlobalSection
	GlobalSection(ExtensibilityGlobals) = postSolution
		SolutionGuid = {948B4F0C-D29B-4E13-B893-691630CBC012}
	EndGlobalSection
EndGlobal
